
Microsoft Visual Studio Solution File, Format Version 12.00
# Visual Studio Version 17
VisualStudioVersion = 17.8.34330.188
MinimumVisualStudioVersion = 10.0.40219.1
Project("{FAE04EC0-301F-11D3-BF4B-00C04F79EFBC}") = "ProjectDataLib", "ProjectDataLib\ProjectDataLib.csproj", "{1A027E74-BD51-4D28-B5B4-6CD9BFD60D72}"
EndProject
Project("{54435603-DBB4-11D2-8724-00A0C9A8B90C}") = "FenixInstall", "FenixInstall\FenixInstall.vdproj", "{A2595733-57A2-47CB-BE44-8F45B498CF0D}"
EndProject
Project("{2150E333-8FDC-42A3-9474-1A3956D46DE8}") = "Solution Items", "Solution Items", "{DD8BD053-F2F6-4F07-8DE1-5F43CE0CD954}"
	ProjectSection(SolutionItems) = preProject
		Fenix Information.txt = Fenix Information.txt
		FileSupport.txt = FileSupport.txt
		version.xml = version.xml
	EndProjectSection
EndProject
Project("{FAE04EC0-301F-11D3-BF4B-00C04F79EFBC}") = "Controls", "Controls\Controls.csproj", "{5BB1D8B8-72F3-494C-A195-92F4042499C6}"
EndProject
Project("{FAE04EC0-301F-11D3-BF4B-00C04F79EFBC}") = "FenixServer", "FenixServer\FenixServer.csproj", "{199CD70E-43EE-47CD-A1D2-6D1B63EFE1EC}"
EndProject
Project("{2150E333-8FDC-42A3-9474-1A3956D46DE8}") = "Http", "Http", "{F86A3F70-26A8-456D-96C4-3091AE7201D8}"
	ProjectSection(SolutionItems) = preProject
		Http\auth.html = Http\auth.html
		Http\favicon.ico = Http\favicon.ico
		Http\fenixlib.js = Http\fenixlib.js
		Http\index.html = Http\index.html
		Http\jquery-2.1.4.js = Http\jquery-2.1.4.js
		Http\jquery.flot.js = Http\jquery.flot.js
		Http\jquery.flot.time.js = Http\jquery.flot.time.js
		Http\script.js = Http\script.js
	EndProjectSection
EndProject
Project("{2150E333-8FDC-42A3-9474-1A3956D46DE8}") = "Scripts", "Scripts", "{724A4760-A914-4184-AFFF-243944BD2B35}"
	ProjectSection(SolutionItems) = preProject
		Scripts\Script.cs = Scripts\Script.cs
	EndProjectSection
EndProject
Project("{FAE04EC0-301F-11D3-BF4B-00C04F79EFBC}") = "FenixWPF", "FenixWPF\FenixWPF.csproj", "{3294D7E8-08B5-49F7-926F-2B4AC8ACF12F}"
EndProject
Global
	GlobalSection(SolutionConfigurationPlatforms) = preSolution
		Debug|Any CPU = Debug|Any CPU
		Debug|Mixed Platforms = Debug|Mixed Platforms
		Debug|Net35 = Debug|Net35
		Debug|Net40 = Debug|Net40
		Debug|WithNRefactory = Debug|WithNRefactory
		Debug|x86 = Debug|x86
		Release|Any CPU = Release|Any CPU
		Release|Mixed Platforms = Release|Mixed Platforms
		Release|Net35 = Release|Net35
		Release|Net40 = Release|Net40
		Release|WithNRefactory = Release|WithNRefactory
		Release|x86 = Release|x86
	EndGlobalSection
	GlobalSection(ProjectConfigurationPlatforms) = postSolution
		{1A027E74-BD51-4D28-B5B4-6CD9BFD60D72}.Debug|Any CPU.ActiveCfg = Debug|Any CPU
		{1A027E74-BD51-4D28-B5B4-6CD9BFD60D72}.Debug|Any CPU.Build.0 = Debug|Any CPU
		{1A027E74-BD51-4D28-B5B4-6CD9BFD60D72}.Debug|Mixed Platforms.ActiveCfg = Debug|Any CPU
		{1A027E74-BD51-4D28-B5B4-6CD9BFD60D72}.Debug|Mixed Platforms.Build.0 = Debug|Any CPU
		{1A027E74-BD51-4D28-B5B4-6CD9BFD60D72}.Debug|Net35.ActiveCfg = Debug|Any CPU
		{1A027E74-BD51-4D28-B5B4-6CD9BFD60D72}.Debug|Net40.ActiveCfg = Debug|Any CPU
		{1A027E74-BD51-4D28-B5B4-6CD9BFD60D72}.Debug|WithNRefactory.ActiveCfg = Debug|Any CPU
		{1A027E74-BD51-4D28-B5B4-6CD9BFD60D72}.Debug|x86.ActiveCfg = Debug|Any CPU
		{1A027E74-BD51-4D28-B5B4-6CD9BFD60D72}.Release|Any CPU.ActiveCfg = Release|Any CPU
		{1A027E74-BD51-4D28-B5B4-6CD9BFD60D72}.Release|Any CPU.Build.0 = Release|Any CPU
		{1A027E74-BD51-4D28-B5B4-6CD9BFD60D72}.Release|Mixed Platforms.ActiveCfg = Release|Any CPU
		{1A027E74-BD51-4D28-B5B4-6CD9BFD60D72}.Release|Mixed Platforms.Build.0 = Release|Any CPU
		{1A027E74-BD51-4D28-B5B4-6CD9BFD60D72}.Release|Net35.ActiveCfg = Release|Any CPU
		{1A027E74-BD51-4D28-B5B4-6CD9BFD60D72}.Release|Net40.ActiveCfg = Release|Any CPU
		{1A027E74-BD51-4D28-B5B4-6CD9BFD60D72}.Release|WithNRefactory.ActiveCfg = Release|Any CPU
		{1A027E74-BD51-4D28-B5B4-6CD9BFD60D72}.Release|x86.ActiveCfg = Release|Any CPU
		{A2595733-57A2-47CB-BE44-8F45B498CF0D}.Debug|Any CPU.ActiveCfg = Debug
		{A2595733-57A2-47CB-BE44-8F45B498CF0D}.Debug|Mixed Platforms.ActiveCfg = Release
		{A2595733-57A2-47CB-BE44-8F45B498CF0D}.Debug|Net35.ActiveCfg = Debug
		{A2595733-57A2-47CB-BE44-8F45B498CF0D}.Debug|Net35.Build.0 = Debug
		{A2595733-57A2-47CB-BE44-8F45B498CF0D}.Debug|Net40.ActiveCfg = Debug
		{A2595733-57A2-47CB-BE44-8F45B498CF0D}.Debug|Net40.Build.0 = Debug
		{A2595733-57A2-47CB-BE44-8F45B498CF0D}.Debug|WithNRefactory.ActiveCfg = Debug
		{A2595733-57A2-47CB-BE44-8F45B498CF0D}.Debug|WithNRefactory.Build.0 = Debug
		{A2595733-57A2-47CB-BE44-8F45B498CF0D}.Debug|x86.ActiveCfg = Debug
		{A2595733-57A2-47CB-BE44-8F45B498CF0D}.Release|Any CPU.ActiveCfg = Release
		{A2595733-57A2-47CB-BE44-8F45B498CF0D}.Release|Mixed Platforms.ActiveCfg = Release
		{A2595733-57A2-47CB-BE44-8F45B498CF0D}.Release|Net35.ActiveCfg = Release
		{A2595733-57A2-47CB-BE44-8F45B498CF0D}.Release|Net35.Build.0 = Release
		{A2595733-57A2-47CB-BE44-8F45B498CF0D}.Release|Net40.ActiveCfg = Release
		{A2595733-57A2-47CB-BE44-8F45B498CF0D}.Release|Net40.Build.0 = Release
		{A2595733-57A2-47CB-BE44-8F45B498CF0D}.Release|WithNRefactory.ActiveCfg = Release
		{A2595733-57A2-47CB-BE44-8F45B498CF0D}.Release|WithNRefactory.Build.0 = Release
		{A2595733-57A2-47CB-BE44-8F45B498CF0D}.Release|x86.ActiveCfg = Release
		{5BB1D8B8-72F3-494C-A195-92F4042499C6}.Debug|Any CPU.ActiveCfg = Debug|Any CPU
		{5BB1D8B8-72F3-494C-A195-92F4042499C6}.Debug|Any CPU.Build.0 = Debug|Any CPU
		{5BB1D8B8-72F3-494C-A195-92F4042499C6}.Debug|Mixed Platforms.ActiveCfg = Debug|Any CPU
		{5BB1D8B8-72F3-494C-A195-92F4042499C6}.Debug|Mixed Platforms.Build.0 = Debug|Any CPU
		{5BB1D8B8-72F3-494C-A195-92F4042499C6}.Debug|Net35.ActiveCfg = Debug|Any CPU
		{5BB1D8B8-72F3-494C-A195-92F4042499C6}.Debug|Net40.ActiveCfg = Debug|Any CPU
		{5BB1D8B8-72F3-494C-A195-92F4042499C6}.Debug|WithNRefactory.ActiveCfg = Debug|Any CPU
		{5BB1D8B8-72F3-494C-A195-92F4042499C6}.Debug|x86.ActiveCfg = Debug|Any CPU
		{5BB1D8B8-72F3-494C-A195-92F4042499C6}.Release|Any CPU.ActiveCfg = Release|Any CPU
		{5BB1D8B8-72F3-494C-A195-92F4042499C6}.Release|Any CPU.Build.0 = Release|Any CPU
		{5BB1D8B8-72F3-494C-A195-92F4042499C6}.Release|Mixed Platforms.ActiveCfg = Release|Any CPU
		{5BB1D8B8-72F3-494C-A195-92F4042499C6}.Release|Mixed Platforms.Build.0 = Release|Any CPU
		{5BB1D8B8-72F3-494C-A195-92F4042499C6}.Release|Net35.ActiveCfg = Release|Any CPU
		{5BB1D8B8-72F3-494C-A195-92F4042499C6}.Release|Net40.ActiveCfg = Release|Any CPU
		{5BB1D8B8-72F3-494C-A195-92F4042499C6}.Release|WithNRefactory.ActiveCfg = Release|Any CPU
		{5BB1D8B8-72F3-494C-A195-92F4042499C6}.Release|x86.ActiveCfg = Release|Any CPU
		{199CD70E-43EE-47CD-A1D2-6D1B63EFE1EC}.Debug|Any CPU.ActiveCfg = Debug|x86
		{199CD70E-43EE-47CD-A1D2-6D1B63EFE1EC}.Debug|Mixed Platforms.ActiveCfg = Debug|x86
		{199CD70E-43EE-47CD-A1D2-6D1B63EFE1EC}.Debug|Mixed Platforms.Build.0 = Debug|x86
		{199CD70E-43EE-47CD-A1D2-6D1B63EFE1EC}.Debug|Net35.ActiveCfg = Debug|x86
		{199CD70E-43EE-47CD-A1D2-6D1B63EFE1EC}.Debug|Net40.ActiveCfg = Debug|x86
		{199CD70E-43EE-47CD-A1D2-6D1B63EFE1EC}.Debug|WithNRefactory.ActiveCfg = Debug|x86
		{199CD70E-43EE-47CD-A1D2-6D1B63EFE1EC}.Debug|x86.ActiveCfg = Debug|x86
		{199CD70E-43EE-47CD-A1D2-6D1B63EFE1EC}.Debug|x86.Build.0 = Debug|x86
		{199CD70E-43EE-47CD-A1D2-6D1B63EFE1EC}.Release|Any CPU.ActiveCfg = Release|x86
		{199CD70E-43EE-47CD-A1D2-6D1B63EFE1EC}.Release|Mixed Platforms.ActiveCfg = Release|x86
		{199CD70E-43EE-47CD-A1D2-6D1B63EFE1EC}.Release|Mixed Platforms.Build.0 = Release|x86
		{199CD70E-43EE-47CD-A1D2-6D1B63EFE1EC}.Release|Net35.ActiveCfg = Release|x86
		{199CD70E-43EE-47CD-A1D2-6D1B63EFE1EC}.Release|Net40.ActiveCfg = Release|x86
		{199CD70E-43EE-47CD-A1D2-6D1B63EFE1EC}.Release|WithNRefactory.ActiveCfg = Release|x86
		{199CD70E-43EE-47CD-A1D2-6D1B63EFE1EC}.Release|x86.ActiveCfg = Release|x86
		{199CD70E-43EE-47CD-A1D2-6D1B63EFE1EC}.Release|x86.Build.0 = Release|x86
		{3294D7E8-08B5-49F7-926F-2B4AC8ACF12F}.Debug|Any CPU.ActiveCfg = Debug|Any CPU
		{3294D7E8-08B5-49F7-926F-2B4AC8ACF12F}.Debug|Any CPU.Build.0 = Debug|Any CPU
		{3294D7E8-08B5-49F7-926F-2B4AC8ACF12F}.Debug|Mixed Platforms.ActiveCfg = Debug|Any CPU
		{3294D7E8-08B5-49F7-926F-2B4AC8ACF12F}.Debug|Mixed Platforms.Build.0 = Debug|Any CPU
		{3294D7E8-08B5-49F7-926F-2B4AC8ACF12F}.Debug|Net35.ActiveCfg = Debug|Any CPU
		{3294D7E8-08B5-49F7-926F-2B4AC8ACF12F}.Debug|Net35.Build.0 = Debug|Any CPU
		{3294D7E8-08B5-49F7-926F-2B4AC8ACF12F}.Debug|Net40.ActiveCfg = Debug|Any CPU
		{3294D7E8-08B5-49F7-926F-2B4AC8ACF12F}.Debug|Net40.Build.0 = Debug|Any CPU
		{3294D7E8-08B5-49F7-926F-2B4AC8ACF12F}.Debug|WithNRefactory.ActiveCfg = Debug|Any CPU
		{3294D7E8-08B5-49F7-926F-2B4AC8ACF12F}.Debug|WithNRefactory.Build.0 = Debug|Any CPU
		{3294D7E8-08B5-49F7-926F-2B4AC8ACF12F}.Debug|x86.ActiveCfg = Debug|Any CPU
		{3294D7E8-08B5-49F7-926F-2B4AC8ACF12F}.Debug|x86.Build.0 = Debug|Any CPU
		{3294D7E8-08B5-49F7-926F-2B4AC8ACF12F}.Release|Any CPU.ActiveCfg = Release|Any CPU
		{3294D7E8-08B5-49F7-926F-2B4AC8ACF12F}.Release|Any CPU.Build.0 = Release|Any CPU
		{3294D7E8-08B5-49F7-926F-2B4AC8ACF12F}.Release|Mixed Platforms.ActiveCfg = Release|Any CPU
		{3294D7E8-08B5-49F7-926F-2B4AC8ACF12F}.Release|Mixed Platforms.Build.0 = Release|Any CPU
		{3294D7E8-08B5-49F7-926F-2B4AC8ACF12F}.Release|Net35.ActiveCfg = Release|Any CPU
		{3294D7E8-08B5-49F7-926F-2B4AC8ACF12F}.Release|Net35.Build.0 = Release|Any CPU
		{3294D7E8-08B5-49F7-926F-2B4AC8ACF12F}.Release|Net40.ActiveCfg = Release|Any CPU
		{3294D7E8-08B5-49F7-926F-2B4AC8ACF12F}.Release|Net40.Build.0 = Release|Any CPU
		{3294D7E8-08B5-49F7-926F-2B4AC8ACF12F}.Release|WithNRefactory.ActiveCfg = Release|Any CPU
		{3294D7E8-08B5-49F7-926F-2B4AC8ACF12F}.Release|WithNRefactory.Build.0 = Release|Any CPU
		{3294D7E8-08B5-49F7-926F-2B4AC8ACF12F}.Release|x86.ActiveCfg = Release|Any CPU
		{3294D7E8-08B5-49F7-926F-2B4AC8ACF12F}.Release|x86.Build.0 = Release|Any CPU
	EndGlobalSection
	GlobalSection(SolutionProperties) = preSolution
		HideSolutionNode = FALSE
	EndGlobalSection
	GlobalSection(Performance) = preSolution
		HasPerformanceSessions = true
	EndGlobalSection
EndGlobal
