
Microsoft Visual Studio Solution File, Format Version 12.00
# Visual Studio Version 17
VisualStudioVersion = 17.8.34330.188
MinimumVisualStudioVersion = 10.0.40219.1
Project("{FAE04EC0-301F-11D3-BF4B-00C04F79EFBC}") = "ProjectDataLib", "ProjectDataLib\ProjectDataLib.csproj", "{1A027E74-BD51-4D28-B5B4-6CD9BFD60D72}"
EndProject
Project("{2150E333-8FDC-42A3-9474-1A3956D46DE8}") = "Solution Items", "Solution Items", "{DD8BD053-F2F6-4F07-8DE1-5F43CE0CD954}"
	ProjectSection(SolutionItems) = preProject
		version.xml = version.xml
	EndProjectSection
EndProject
Project("{FAE04EC0-301F-11D3-BF4B-00C04F79EFBC}") = "Controls", "Controls\Controls.csproj", "{5BB1D8B8-72F3-494C-A195-92F4042499C6}"
EndProject
Project("{FAE04EC0-301F-11D3-BF4B-00C04F79EFBC}") = "FenixServer", "FenixServer\FenixServer.csproj", "{199CD70E-43EE-47CD-A1D2-6D1B63EFE1EC}"
EndProject
Project("{2150E333-8FDC-42A3-9474-1A3956D46DE8}") = "Http", "Http", "{F86A3F70-26A8-456D-96C4-3091AE7201D8}"
	ProjectSection(SolutionItems) = preProject
		Http\auth.html = Http\auth.html
		Http\favicon.ico = Http\favicon.ico
		Http\fenixlib.js = Http\fenixlib.js
		Http\index.html = Http\index.html
		Http\jquery-2.1.4.js = Http\jquery-2.1.4.js
		Http\jquery.flot.js = Http\jquery.flot.js
		Http\jquery.flot.time.js = Http\jquery.flot.time.js
		Http\script.js = Http\script.js
	EndProjectSection
EndProject
Project("{2150E333-8FDC-42A3-9474-1A3956D46DE8}") = "Scripts", "Scripts", "{724A4760-A914-4184-AFFF-243944BD2B35}"
	ProjectSection(SolutionItems) = preProject
		Scripts\Script.cs = Scripts\Script.cs
	EndProjectSection
EndProject
Project("{FAE04EC0-301F-11D3-BF4B-00C04F79EFBC}") = "FenixManager", "FenixManager\FenixManager.csproj", "{3294D7E8-08B5-49F7-926F-2B4AC8ACF12F}"
EndProject
Project("{2150E333-8FDC-42A3-9474-1A3956D46DE8}") = "Template", "Template", "{3076FA66-1BC1-44EA-8E80-2012302FB4BC}"
	ProjectSection(SolutionItems) = preProject
		Template\Script.cs = Template\Script.cs
	EndProjectSection
EndProject
Project("{54435603-DBB4-11D2-8724-00A0C9A8B90C}") = "FenixInstall", "FenixInstall\FenixInstall.vdproj", "{9F219D55-0A5D-4BD1-A9AA-9254364BBCE7}"
EndProject
Project("{FAE04EC0-301F-11D3-BF4B-00C04F79EFBC}") = "ModbusMasterASCII", "ModbusMasterASCII\ModbusMasterASCII.csproj", "{40036F06-3EF8-47E3-9531-61FC48CBE0C7}"
EndProject
Project("{FAE04EC0-301F-11D3-BF4B-00C04F79EFBC}") = "ModbusMasterRTU", "ModbusMasterRTU\ModbusMasterRTU.csproj", "{CBE9FEB8-3E68-4C13-AD8F-5FC27320C8F4}"
EndProject
Project("{FAE04EC0-301F-11D3-BF4B-00C04F79EFBC}") = "ModbusMasterTCP", "ModbusMasterTCP\ModbusMasterTCP.csproj", "{E82917A9-1CA6-4239-923F-22F2C3353B69}"
EndProject
Project("{FAE04EC0-301F-11D3-BF4B-00C04F79EFBC}") = "S7-300-400 Ethernet", "S7-300-400 Ethernet\S7-300-400 Ethernet.csproj", "{BA507B12-8562-40EB-9EBB-A3FC4723F175}"
EndProject
Project("{2150E333-8FDC-42A3-9474-1A3956D46DE8}") = "SQLite", "SQLite", "{6D20DA60-9F9C-4196-B05A-22F5E504A887}"
EndProject
Project("{2150E333-8FDC-42A3-9474-1A3956D46DE8}") = "x64", "x64", "{8D7D2DBE-B27A-41D7-8B8F-41FEE61FE4EC}"
	ProjectSection(SolutionItems) = preProject
		SQLite\x64\SQLite.Interop.dll = SQLite\x64\SQLite.Interop.dll
	EndProjectSection
EndProject
Project("{2150E333-8FDC-42A3-9474-1A3956D46DE8}") = "x86", "x86", "{0513B569-F9CE-42CC-BDAD-FEE74E96AF5D}"
	ProjectSection(SolutionItems) = preProject
		SQLite\x86\SQLite.Interop.dll = SQLite\x86\SQLite.Interop.dll
	EndProjectSection
EndProject
Project("{840C416C-B8F3-42BC-B0DD-F6BB14C9F8CB}") = "FenixSetup", "FenixSetup\FenixSetup.aiproj", "{48CB7E62-F8D7-42E4-A236-31AFC024CF0F}"
EndProject
Global
	GlobalSection(SolutionConfigurationPlatforms) = preSolution
		All|Any CPU = All|Any CPU
		All|ARM64 = All|ARM64
		All|Mixed Platforms = All|Mixed Platforms
		All|Net35 = All|Net35
		All|Net40 = All|Net40
		All|WithNRefactory = All|WithNRefactory
		All|x64 = All|x64
		All|x86 = All|x86
		Debug|Any CPU = Debug|Any CPU
		Debug|ARM64 = Debug|ARM64
		Debug|Mixed Platforms = Debug|Mixed Platforms
		Debug|Net35 = Debug|Net35
		Debug|Net40 = Debug|Net40
		Debug|WithNRefactory = Debug|WithNRefactory
		Debug|x64 = Debug|x64
		Debug|x86 = Debug|x86
		Release|Any CPU = Release|Any CPU
		Release|ARM64 = Release|ARM64
		Release|Mixed Platforms = Release|Mixed Platforms
		Release|Net35 = Release|Net35
		Release|Net40 = Release|Net40
		Release|WithNRefactory = Release|WithNRefactory
		Release|x64 = Release|x64
		Release|x86 = Release|x86
	EndGlobalSection
	GlobalSection(ProjectConfigurationPlatforms) = postSolution
		{1A027E74-BD51-4D28-B5B4-6CD9BFD60D72}.All|Any CPU.ActiveCfg = Release|Any CPU
		{1A027E74-BD51-4D28-B5B4-6CD9BFD60D72}.All|Any CPU.Build.0 = Release|Any CPU
		{1A027E74-BD51-4D28-B5B4-6CD9BFD60D72}.All|ARM64.ActiveCfg = Release|Any CPU
		{1A027E74-BD51-4D28-B5B4-6CD9BFD60D72}.All|ARM64.Build.0 = Release|Any CPU
		{1A027E74-BD51-4D28-B5B4-6CD9BFD60D72}.All|Mixed Platforms.ActiveCfg = Release|Any CPU
		{1A027E74-BD51-4D28-B5B4-6CD9BFD60D72}.All|Mixed Platforms.Build.0 = Release|Any CPU
		{1A027E74-BD51-4D28-B5B4-6CD9BFD60D72}.All|Net35.ActiveCfg = Release|Any CPU
		{1A027E74-BD51-4D28-B5B4-6CD9BFD60D72}.All|Net35.Build.0 = Release|Any CPU
		{1A027E74-BD51-4D28-B5B4-6CD9BFD60D72}.All|Net40.ActiveCfg = Release|Any CPU
		{1A027E74-BD51-4D28-B5B4-6CD9BFD60D72}.All|Net40.Build.0 = Release|Any CPU
		{1A027E74-BD51-4D28-B5B4-6CD9BFD60D72}.All|WithNRefactory.ActiveCfg = Release|Any CPU
		{1A027E74-BD51-4D28-B5B4-6CD9BFD60D72}.All|WithNRefactory.Build.0 = Release|Any CPU
		{1A027E74-BD51-4D28-B5B4-6CD9BFD60D72}.All|x64.ActiveCfg = Release|Any CPU
		{1A027E74-BD51-4D28-B5B4-6CD9BFD60D72}.All|x64.Build.0 = Release|Any CPU
		{1A027E74-BD51-4D28-B5B4-6CD9BFD60D72}.All|x86.ActiveCfg = Release|Any CPU
		{1A027E74-BD51-4D28-B5B4-6CD9BFD60D72}.All|x86.Build.0 = Release|Any CPU
		{1A027E74-BD51-4D28-B5B4-6CD9BFD60D72}.Debug|Any CPU.ActiveCfg = Debug|Any CPU
		{1A027E74-BD51-4D28-B5B4-6CD9BFD60D72}.Debug|Any CPU.Build.0 = Debug|Any CPU
		{1A027E74-BD51-4D28-B5B4-6CD9BFD60D72}.Debug|ARM64.ActiveCfg = Debug|Any CPU
		{1A027E74-BD51-4D28-B5B4-6CD9BFD60D72}.Debug|ARM64.Build.0 = Debug|Any CPU
		{1A027E74-BD51-4D28-B5B4-6CD9BFD60D72}.Debug|Mixed Platforms.ActiveCfg = Debug|Any CPU
		{1A027E74-BD51-4D28-B5B4-6CD9BFD60D72}.Debug|Mixed Platforms.Build.0 = Debug|Any CPU
		{1A027E74-BD51-4D28-B5B4-6CD9BFD60D72}.Debug|Net35.ActiveCfg = Debug|Any CPU
		{1A027E74-BD51-4D28-B5B4-6CD9BFD60D72}.Debug|Net40.ActiveCfg = Debug|Any CPU
		{1A027E74-BD51-4D28-B5B4-6CD9BFD60D72}.Debug|WithNRefactory.ActiveCfg = Debug|Any CPU
		{1A027E74-BD51-4D28-B5B4-6CD9BFD60D72}.Debug|x64.ActiveCfg = Debug|Any CPU
		{1A027E74-BD51-4D28-B5B4-6CD9BFD60D72}.Debug|x64.Build.0 = Debug|Any CPU
		{1A027E74-BD51-4D28-B5B4-6CD9BFD60D72}.Debug|x86.ActiveCfg = Debug|Any CPU
		{1A027E74-BD51-4D28-B5B4-6CD9BFD60D72}.Release|Any CPU.ActiveCfg = Release|Any CPU
		{1A027E74-BD51-4D28-B5B4-6CD9BFD60D72}.Release|Any CPU.Build.0 = Release|Any CPU
		{1A027E74-BD51-4D28-B5B4-6CD9BFD60D72}.Release|ARM64.ActiveCfg = Release|Any CPU
		{1A027E74-BD51-4D28-B5B4-6CD9BFD60D72}.Release|ARM64.Build.0 = Release|Any CPU
		{1A027E74-BD51-4D28-B5B4-6CD9BFD60D72}.Release|Mixed Platforms.ActiveCfg = Release|Any CPU
		{1A027E74-BD51-4D28-B5B4-6CD9BFD60D72}.Release|Mixed Platforms.Build.0 = Release|Any CPU
		{1A027E74-BD51-4D28-B5B4-6CD9BFD60D72}.Release|Net35.ActiveCfg = Release|Any CPU
		{1A027E74-BD51-4D28-B5B4-6CD9BFD60D72}.Release|Net40.ActiveCfg = Release|Any CPU
		{1A027E74-BD51-4D28-B5B4-6CD9BFD60D72}.Release|WithNRefactory.ActiveCfg = Release|Any CPU
		{1A027E74-BD51-4D28-B5B4-6CD9BFD60D72}.Release|x64.ActiveCfg = Release|Any CPU
		{1A027E74-BD51-4D28-B5B4-6CD9BFD60D72}.Release|x64.Build.0 = Release|Any CPU
		{1A027E74-BD51-4D28-B5B4-6CD9BFD60D72}.Release|x86.ActiveCfg = Release|Any CPU
		{5BB1D8B8-72F3-494C-A195-92F4042499C6}.All|Any CPU.ActiveCfg = Release|Any CPU
		{5BB1D8B8-72F3-494C-A195-92F4042499C6}.All|Any CPU.Build.0 = Release|Any CPU
		{5BB1D8B8-72F3-494C-A195-92F4042499C6}.All|ARM64.ActiveCfg = Release|Any CPU
		{5BB1D8B8-72F3-494C-A195-92F4042499C6}.All|ARM64.Build.0 = Release|Any CPU
		{5BB1D8B8-72F3-494C-A195-92F4042499C6}.All|Mixed Platforms.ActiveCfg = Release|Any CPU
		{5BB1D8B8-72F3-494C-A195-92F4042499C6}.All|Mixed Platforms.Build.0 = Release|Any CPU
		{5BB1D8B8-72F3-494C-A195-92F4042499C6}.All|Net35.ActiveCfg = Release|Any CPU
		{5BB1D8B8-72F3-494C-A195-92F4042499C6}.All|Net35.Build.0 = Release|Any CPU
		{5BB1D8B8-72F3-494C-A195-92F4042499C6}.All|Net40.ActiveCfg = Release|Any CPU
		{5BB1D8B8-72F3-494C-A195-92F4042499C6}.All|Net40.Build.0 = Release|Any CPU
		{5BB1D8B8-72F3-494C-A195-92F4042499C6}.All|WithNRefactory.ActiveCfg = Release|Any CPU
		{5BB1D8B8-72F3-494C-A195-92F4042499C6}.All|WithNRefactory.Build.0 = Release|Any CPU
		{5BB1D8B8-72F3-494C-A195-92F4042499C6}.All|x64.ActiveCfg = Release|Any CPU
		{5BB1D8B8-72F3-494C-A195-92F4042499C6}.All|x64.Build.0 = Release|Any CPU
		{5BB1D8B8-72F3-494C-A195-92F4042499C6}.All|x86.ActiveCfg = Release|Any CPU
		{5BB1D8B8-72F3-494C-A195-92F4042499C6}.All|x86.Build.0 = Release|Any CPU
		{5BB1D8B8-72F3-494C-A195-92F4042499C6}.Debug|Any CPU.ActiveCfg = Debug|Any CPU
		{5BB1D8B8-72F3-494C-A195-92F4042499C6}.Debug|Any CPU.Build.0 = Debug|Any CPU
		{5BB1D8B8-72F3-494C-A195-92F4042499C6}.Debug|ARM64.ActiveCfg = Debug|Any CPU
		{5BB1D8B8-72F3-494C-A195-92F4042499C6}.Debug|ARM64.Build.0 = Debug|Any CPU
		{5BB1D8B8-72F3-494C-A195-92F4042499C6}.Debug|Mixed Platforms.ActiveCfg = Debug|Any CPU
		{5BB1D8B8-72F3-494C-A195-92F4042499C6}.Debug|Mixed Platforms.Build.0 = Debug|Any CPU
		{5BB1D8B8-72F3-494C-A195-92F4042499C6}.Debug|Net35.ActiveCfg = Debug|Any CPU
		{5BB1D8B8-72F3-494C-A195-92F4042499C6}.Debug|Net40.ActiveCfg = Debug|Any CPU
		{5BB1D8B8-72F3-494C-A195-92F4042499C6}.Debug|WithNRefactory.ActiveCfg = Debug|Any CPU
		{5BB1D8B8-72F3-494C-A195-92F4042499C6}.Debug|x64.ActiveCfg = Debug|Any CPU
		{5BB1D8B8-72F3-494C-A195-92F4042499C6}.Debug|x64.Build.0 = Debug|Any CPU
		{5BB1D8B8-72F3-494C-A195-92F4042499C6}.Debug|x86.ActiveCfg = Debug|Any CPU
		{5BB1D8B8-72F3-494C-A195-92F4042499C6}.Release|Any CPU.ActiveCfg = Release|Any CPU
		{5BB1D8B8-72F3-494C-A195-92F4042499C6}.Release|Any CPU.Build.0 = Release|Any CPU
		{5BB1D8B8-72F3-494C-A195-92F4042499C6}.Release|ARM64.ActiveCfg = Release|Any CPU
		{5BB1D8B8-72F3-494C-A195-92F4042499C6}.Release|ARM64.Build.0 = Release|Any CPU
		{5BB1D8B8-72F3-494C-A195-92F4042499C6}.Release|Mixed Platforms.ActiveCfg = Release|Any CPU
		{5BB1D8B8-72F3-494C-A195-92F4042499C6}.Release|Mixed Platforms.Build.0 = Release|Any CPU
		{5BB1D8B8-72F3-494C-A195-92F4042499C6}.Release|Net35.ActiveCfg = Release|Any CPU
		{5BB1D8B8-72F3-494C-A195-92F4042499C6}.Release|Net40.ActiveCfg = Release|Any CPU
		{5BB1D8B8-72F3-494C-A195-92F4042499C6}.Release|WithNRefactory.ActiveCfg = Release|Any CPU
		{5BB1D8B8-72F3-494C-A195-92F4042499C6}.Release|x64.ActiveCfg = Release|Any CPU
		{5BB1D8B8-72F3-494C-A195-92F4042499C6}.Release|x64.Build.0 = Release|Any CPU
		{5BB1D8B8-72F3-494C-A195-92F4042499C6}.Release|x86.ActiveCfg = Release|Any CPU
		{199CD70E-43EE-47CD-A1D2-6D1B63EFE1EC}.All|Any CPU.ActiveCfg = Release|x86
		{199CD70E-43EE-47CD-A1D2-6D1B63EFE1EC}.All|Any CPU.Build.0 = Release|x86
		{199CD70E-43EE-47CD-A1D2-6D1B63EFE1EC}.All|ARM64.ActiveCfg = Release|x86
		{199CD70E-43EE-47CD-A1D2-6D1B63EFE1EC}.All|ARM64.Build.0 = Release|x86
		{199CD70E-43EE-47CD-A1D2-6D1B63EFE1EC}.All|Mixed Platforms.ActiveCfg = Release|x86
		{199CD70E-43EE-47CD-A1D2-6D1B63EFE1EC}.All|Mixed Platforms.Build.0 = Release|x86
		{199CD70E-43EE-47CD-A1D2-6D1B63EFE1EC}.All|Net35.ActiveCfg = Release|x86
		{199CD70E-43EE-47CD-A1D2-6D1B63EFE1EC}.All|Net35.Build.0 = Release|x86
		{199CD70E-43EE-47CD-A1D2-6D1B63EFE1EC}.All|Net40.ActiveCfg = Release|x86
		{199CD70E-43EE-47CD-A1D2-6D1B63EFE1EC}.All|Net40.Build.0 = Release|x86
		{199CD70E-43EE-47CD-A1D2-6D1B63EFE1EC}.All|WithNRefactory.ActiveCfg = Release|x86
		{199CD70E-43EE-47CD-A1D2-6D1B63EFE1EC}.All|WithNRefactory.Build.0 = Release|x86
		{199CD70E-43EE-47CD-A1D2-6D1B63EFE1EC}.All|x64.ActiveCfg = Release|x86
		{199CD70E-43EE-47CD-A1D2-6D1B63EFE1EC}.All|x64.Build.0 = Release|x86
		{199CD70E-43EE-47CD-A1D2-6D1B63EFE1EC}.All|x86.ActiveCfg = Release|x86
		{199CD70E-43EE-47CD-A1D2-6D1B63EFE1EC}.All|x86.Build.0 = Release|x86
		{199CD70E-43EE-47CD-A1D2-6D1B63EFE1EC}.Debug|Any CPU.ActiveCfg = Debug|x86
		{199CD70E-43EE-47CD-A1D2-6D1B63EFE1EC}.Debug|ARM64.ActiveCfg = Debug|x86
		{199CD70E-43EE-47CD-A1D2-6D1B63EFE1EC}.Debug|ARM64.Build.0 = Debug|x86
		{199CD70E-43EE-47CD-A1D2-6D1B63EFE1EC}.Debug|Mixed Platforms.ActiveCfg = Debug|x86
		{199CD70E-43EE-47CD-A1D2-6D1B63EFE1EC}.Debug|Mixed Platforms.Build.0 = Debug|x86
		{199CD70E-43EE-47CD-A1D2-6D1B63EFE1EC}.Debug|Net35.ActiveCfg = Debug|x86
		{199CD70E-43EE-47CD-A1D2-6D1B63EFE1EC}.Debug|Net40.ActiveCfg = Debug|x86
		{199CD70E-43EE-47CD-A1D2-6D1B63EFE1EC}.Debug|WithNRefactory.ActiveCfg = Debug|x86
		{199CD70E-43EE-47CD-A1D2-6D1B63EFE1EC}.Debug|x64.ActiveCfg = Debug|x86
		{199CD70E-43EE-47CD-A1D2-6D1B63EFE1EC}.Debug|x64.Build.0 = Debug|x86
		{199CD70E-43EE-47CD-A1D2-6D1B63EFE1EC}.Debug|x86.ActiveCfg = Debug|x86
		{199CD70E-43EE-47CD-A1D2-6D1B63EFE1EC}.Debug|x86.Build.0 = Debug|x86
		{199CD70E-43EE-47CD-A1D2-6D1B63EFE1EC}.Release|Any CPU.ActiveCfg = Release|x86
		{199CD70E-43EE-47CD-A1D2-6D1B63EFE1EC}.Release|ARM64.ActiveCfg = Release|x86
		{199CD70E-43EE-47CD-A1D2-6D1B63EFE1EC}.Release|ARM64.Build.0 = Release|x86
		{199CD70E-43EE-47CD-A1D2-6D1B63EFE1EC}.Release|Mixed Platforms.ActiveCfg = Release|x86
		{199CD70E-43EE-47CD-A1D2-6D1B63EFE1EC}.Release|Mixed Platforms.Build.0 = Release|x86
		{199CD70E-43EE-47CD-A1D2-6D1B63EFE1EC}.Release|Net35.ActiveCfg = Release|x86
		{199CD70E-43EE-47CD-A1D2-6D1B63EFE1EC}.Release|Net40.ActiveCfg = Release|x86
		{199CD70E-43EE-47CD-A1D2-6D1B63EFE1EC}.Release|WithNRefactory.ActiveCfg = Release|x86
		{199CD70E-43EE-47CD-A1D2-6D1B63EFE1EC}.Release|x64.ActiveCfg = Release|x86
		{199CD70E-43EE-47CD-A1D2-6D1B63EFE1EC}.Release|x64.Build.0 = Release|x86
		{199CD70E-43EE-47CD-A1D2-6D1B63EFE1EC}.Release|x86.ActiveCfg = Release|x86
		{199CD70E-43EE-47CD-A1D2-6D1B63EFE1EC}.Release|x86.Build.0 = Release|x86
		{3294D7E8-08B5-49F7-926F-2B4AC8ACF12F}.All|Any CPU.ActiveCfg = Release|Any CPU
		{3294D7E8-08B5-49F7-926F-2B4AC8ACF12F}.All|Any CPU.Build.0 = Release|Any CPU
		{3294D7E8-08B5-49F7-926F-2B4AC8ACF12F}.All|ARM64.ActiveCfg = Release|Any CPU
		{3294D7E8-08B5-49F7-926F-2B4AC8ACF12F}.All|ARM64.Build.0 = Release|Any CPU
		{3294D7E8-08B5-49F7-926F-2B4AC8ACF12F}.All|Mixed Platforms.ActiveCfg = Release|Any CPU
		{3294D7E8-08B5-49F7-926F-2B4AC8ACF12F}.All|Mixed Platforms.Build.0 = Release|Any CPU
		{3294D7E8-08B5-49F7-926F-2B4AC8ACF12F}.All|Net35.ActiveCfg = Release|Any CPU
		{3294D7E8-08B5-49F7-926F-2B4AC8ACF12F}.All|Net35.Build.0 = Release|Any CPU
		{3294D7E8-08B5-49F7-926F-2B4AC8ACF12F}.All|Net40.ActiveCfg = Release|Any CPU
		{3294D7E8-08B5-49F7-926F-2B4AC8ACF12F}.All|Net40.Build.0 = Release|Any CPU
		{3294D7E8-08B5-49F7-926F-2B4AC8ACF12F}.All|WithNRefactory.ActiveCfg = Release|Any CPU
		{3294D7E8-08B5-49F7-926F-2B4AC8ACF12F}.All|WithNRefactory.Build.0 = Release|Any CPU
		{3294D7E8-08B5-49F7-926F-2B4AC8ACF12F}.All|x64.ActiveCfg = Release|Any CPU
		{3294D7E8-08B5-49F7-926F-2B4AC8ACF12F}.All|x64.Build.0 = Release|Any CPU
		{3294D7E8-08B5-49F7-926F-2B4AC8ACF12F}.All|x86.ActiveCfg = Release|Any CPU
		{3294D7E8-08B5-49F7-926F-2B4AC8ACF12F}.All|x86.Build.0 = Release|Any CPU
		{3294D7E8-08B5-49F7-926F-2B4AC8ACF12F}.Debug|Any CPU.ActiveCfg = Debug|Any CPU
		{3294D7E8-08B5-49F7-926F-2B4AC8ACF12F}.Debug|Any CPU.Build.0 = Debug|Any CPU
		{3294D7E8-08B5-49F7-926F-2B4AC8ACF12F}.Debug|ARM64.ActiveCfg = Debug|Any CPU
		{3294D7E8-08B5-49F7-926F-2B4AC8ACF12F}.Debug|ARM64.Build.0 = Debug|Any CPU
		{3294D7E8-08B5-49F7-926F-2B4AC8ACF12F}.Debug|Mixed Platforms.ActiveCfg = Debug|Any CPU
		{3294D7E8-08B5-49F7-926F-2B4AC8ACF12F}.Debug|Mixed Platforms.Build.0 = Debug|Any CPU
		{3294D7E8-08B5-49F7-926F-2B4AC8ACF12F}.Debug|Net35.ActiveCfg = Debug|Any CPU
		{3294D7E8-08B5-49F7-926F-2B4AC8ACF12F}.Debug|Net35.Build.0 = Debug|Any CPU
		{3294D7E8-08B5-49F7-926F-2B4AC8ACF12F}.Debug|Net40.ActiveCfg = Debug|Any CPU
		{3294D7E8-08B5-49F7-926F-2B4AC8ACF12F}.Debug|Net40.Build.0 = Debug|Any CPU
		{3294D7E8-08B5-49F7-926F-2B4AC8ACF12F}.Debug|WithNRefactory.ActiveCfg = Debug|Any CPU
		{3294D7E8-08B5-49F7-926F-2B4AC8ACF12F}.Debug|WithNRefactory.Build.0 = Debug|Any CPU
		{3294D7E8-08B5-49F7-926F-2B4AC8ACF12F}.Debug|x64.ActiveCfg = Debug|Any CPU
		{3294D7E8-08B5-49F7-926F-2B4AC8ACF12F}.Debug|x64.Build.0 = Debug|Any CPU
		{3294D7E8-08B5-49F7-926F-2B4AC8ACF12F}.Debug|x86.ActiveCfg = Debug|Any CPU
		{3294D7E8-08B5-49F7-926F-2B4AC8ACF12F}.Debug|x86.Build.0 = Debug|Any CPU
		{3294D7E8-08B5-49F7-926F-2B4AC8ACF12F}.Release|Any CPU.ActiveCfg = Release|Any CPU
		{3294D7E8-08B5-49F7-926F-2B4AC8ACF12F}.Release|Any CPU.Build.0 = Release|Any CPU
		{3294D7E8-08B5-49F7-926F-2B4AC8ACF12F}.Release|ARM64.ActiveCfg = Release|Any CPU
		{3294D7E8-08B5-49F7-926F-2B4AC8ACF12F}.Release|ARM64.Build.0 = Release|Any CPU
		{3294D7E8-08B5-49F7-926F-2B4AC8ACF12F}.Release|Mixed Platforms.ActiveCfg = Release|Any CPU
		{3294D7E8-08B5-49F7-926F-2B4AC8ACF12F}.Release|Mixed Platforms.Build.0 = Release|Any CPU
		{3294D7E8-08B5-49F7-926F-2B4AC8ACF12F}.Release|Net35.ActiveCfg = Release|Any CPU
		{3294D7E8-08B5-49F7-926F-2B4AC8ACF12F}.Release|Net35.Build.0 = Release|Any CPU
		{3294D7E8-08B5-49F7-926F-2B4AC8ACF12F}.Release|Net40.ActiveCfg = Release|Any CPU
		{3294D7E8-08B5-49F7-926F-2B4AC8ACF12F}.Release|Net40.Build.0 = Release|Any CPU
		{3294D7E8-08B5-49F7-926F-2B4AC8ACF12F}.Release|WithNRefactory.ActiveCfg = Release|Any CPU
		{3294D7E8-08B5-49F7-926F-2B4AC8ACF12F}.Release|WithNRefactory.Build.0 = Release|Any CPU
		{3294D7E8-08B5-49F7-926F-2B4AC8ACF12F}.Release|x64.ActiveCfg = Release|Any CPU
		{3294D7E8-08B5-49F7-926F-2B4AC8ACF12F}.Release|x64.Build.0 = Release|Any CPU
		{3294D7E8-08B5-49F7-926F-2B4AC8ACF12F}.Release|x86.ActiveCfg = Release|Any CPU
		{3294D7E8-08B5-49F7-926F-2B4AC8ACF12F}.Release|x86.Build.0 = Release|Any CPU
		{9F219D55-0A5D-4BD1-A9AA-9254364BBCE7}.All|Any CPU.ActiveCfg = Release
		{9F219D55-0A5D-4BD1-A9AA-9254364BBCE7}.All|Any CPU.Build.0 = Release
		{9F219D55-0A5D-4BD1-A9AA-9254364BBCE7}.All|ARM64.ActiveCfg = Release
		{9F219D55-0A5D-4BD1-A9AA-9254364BBCE7}.All|ARM64.Build.0 = Release
		{9F219D55-0A5D-4BD1-A9AA-9254364BBCE7}.All|Mixed Platforms.ActiveCfg = Release
		{9F219D55-0A5D-4BD1-A9AA-9254364BBCE7}.All|Mixed Platforms.Build.0 = Release
		{9F219D55-0A5D-4BD1-A9AA-9254364BBCE7}.All|Net35.ActiveCfg = Release
		{9F219D55-0A5D-4BD1-A9AA-9254364BBCE7}.All|Net35.Build.0 = Release
		{9F219D55-0A5D-4BD1-A9AA-9254364BBCE7}.All|Net40.ActiveCfg = Release
		{9F219D55-0A5D-4BD1-A9AA-9254364BBCE7}.All|Net40.Build.0 = Release
		{9F219D55-0A5D-4BD1-A9AA-9254364BBCE7}.All|WithNRefactory.ActiveCfg = Release
		{9F219D55-0A5D-4BD1-A9AA-9254364BBCE7}.All|WithNRefactory.Build.0 = Release
		{9F219D55-0A5D-4BD1-A9AA-9254364BBCE7}.All|x64.ActiveCfg = Release
		{9F219D55-0A5D-4BD1-A9AA-9254364BBCE7}.All|x64.Build.0 = Release
		{9F219D55-0A5D-4BD1-A9AA-9254364BBCE7}.All|x86.ActiveCfg = Release
		{9F219D55-0A5D-4BD1-A9AA-9254364BBCE7}.All|x86.Build.0 = Release
		{9F219D55-0A5D-4BD1-A9AA-9254364BBCE7}.Debug|Any CPU.ActiveCfg = Debug
		{9F219D55-0A5D-4BD1-A9AA-9254364BBCE7}.Debug|Any CPU.Build.0 = Debug
		{9F219D55-0A5D-4BD1-A9AA-9254364BBCE7}.Debug|ARM64.ActiveCfg = Debug
		{9F219D55-0A5D-4BD1-A9AA-9254364BBCE7}.Debug|ARM64.Build.0 = Debug
		{9F219D55-0A5D-4BD1-A9AA-9254364BBCE7}.Debug|Mixed Platforms.ActiveCfg = Debug
		{9F219D55-0A5D-4BD1-A9AA-9254364BBCE7}.Debug|Mixed Platforms.Build.0 = Debug
		{9F219D55-0A5D-4BD1-A9AA-9254364BBCE7}.Debug|Net35.ActiveCfg = Debug
		{9F219D55-0A5D-4BD1-A9AA-9254364BBCE7}.Debug|Net35.Build.0 = Debug
		{9F219D55-0A5D-4BD1-A9AA-9254364BBCE7}.Debug|Net40.ActiveCfg = Debug
		{9F219D55-0A5D-4BD1-A9AA-9254364BBCE7}.Debug|Net40.Build.0 = Debug
		{9F219D55-0A5D-4BD1-A9AA-9254364BBCE7}.Debug|WithNRefactory.ActiveCfg = Debug
		{9F219D55-0A5D-4BD1-A9AA-9254364BBCE7}.Debug|WithNRefactory.Build.0 = Debug
		{9F219D55-0A5D-4BD1-A9AA-9254364BBCE7}.Debug|x64.ActiveCfg = Debug
		{9F219D55-0A5D-4BD1-A9AA-9254364BBCE7}.Debug|x64.Build.0 = Debug
		{9F219D55-0A5D-4BD1-A9AA-9254364BBCE7}.Debug|x86.ActiveCfg = Debug
		{9F219D55-0A5D-4BD1-A9AA-9254364BBCE7}.Debug|x86.Build.0 = Debug
		{9F219D55-0A5D-4BD1-A9AA-9254364BBCE7}.Release|Any CPU.ActiveCfg = Release
		{9F219D55-0A5D-4BD1-A9AA-9254364BBCE7}.Release|Any CPU.Build.0 = Release
		{9F219D55-0A5D-4BD1-A9AA-9254364BBCE7}.Release|ARM64.ActiveCfg = Release
		{9F219D55-0A5D-4BD1-A9AA-9254364BBCE7}.Release|ARM64.Build.0 = Release
		{9F219D55-0A5D-4BD1-A9AA-9254364BBCE7}.Release|Mixed Platforms.ActiveCfg = Release
		{9F219D55-0A5D-4BD1-A9AA-9254364BBCE7}.Release|Mixed Platforms.Build.0 = Release
		{9F219D55-0A5D-4BD1-A9AA-9254364BBCE7}.Release|Net35.ActiveCfg = Release
		{9F219D55-0A5D-4BD1-A9AA-9254364BBCE7}.Release|Net35.Build.0 = Release
		{9F219D55-0A5D-4BD1-A9AA-9254364BBCE7}.Release|Net40.ActiveCfg = Release
		{9F219D55-0A5D-4BD1-A9AA-9254364BBCE7}.Release|Net40.Build.0 = Release
		{9F219D55-0A5D-4BD1-A9AA-9254364BBCE7}.Release|WithNRefactory.ActiveCfg = Release
		{9F219D55-0A5D-4BD1-A9AA-9254364BBCE7}.Release|WithNRefactory.Build.0 = Release
		{9F219D55-0A5D-4BD1-A9AA-9254364BBCE7}.Release|x64.ActiveCfg = Release
		{9F219D55-0A5D-4BD1-A9AA-9254364BBCE7}.Release|x64.Build.0 = Release
		{9F219D55-0A5D-4BD1-A9AA-9254364BBCE7}.Release|x86.ActiveCfg = Release
		{9F219D55-0A5D-4BD1-A9AA-9254364BBCE7}.Release|x86.Build.0 = Release
		{40036F06-3EF8-47E3-9531-61FC48CBE0C7}.All|Any CPU.ActiveCfg = Release|Any CPU
		{40036F06-3EF8-47E3-9531-61FC48CBE0C7}.All|Any CPU.Build.0 = Release|Any CPU
		{40036F06-3EF8-47E3-9531-61FC48CBE0C7}.All|ARM64.ActiveCfg = Release|Any CPU
		{40036F06-3EF8-47E3-9531-61FC48CBE0C7}.All|ARM64.Build.0 = Release|Any CPU
		{40036F06-3EF8-47E3-9531-61FC48CBE0C7}.All|Mixed Platforms.ActiveCfg = Release|Any CPU
		{40036F06-3EF8-47E3-9531-61FC48CBE0C7}.All|Mixed Platforms.Build.0 = Release|Any CPU
		{40036F06-3EF8-47E3-9531-61FC48CBE0C7}.All|Net35.ActiveCfg = Release|Any CPU
		{40036F06-3EF8-47E3-9531-61FC48CBE0C7}.All|Net35.Build.0 = Release|Any CPU
		{40036F06-3EF8-47E3-9531-61FC48CBE0C7}.All|Net40.ActiveCfg = Release|Any CPU
		{40036F06-3EF8-47E3-9531-61FC48CBE0C7}.All|Net40.Build.0 = Release|Any CPU
		{40036F06-3EF8-47E3-9531-61FC48CBE0C7}.All|WithNRefactory.ActiveCfg = Release|Any CPU
		{40036F06-3EF8-47E3-9531-61FC48CBE0C7}.All|WithNRefactory.Build.0 = Release|Any CPU
		{40036F06-3EF8-47E3-9531-61FC48CBE0C7}.All|x64.ActiveCfg = Release|Any CPU
		{40036F06-3EF8-47E3-9531-61FC48CBE0C7}.All|x64.Build.0 = Release|Any CPU
		{40036F06-3EF8-47E3-9531-61FC48CBE0C7}.All|x86.ActiveCfg = Release|Any CPU
		{40036F06-3EF8-47E3-9531-61FC48CBE0C7}.All|x86.Build.0 = Release|Any CPU
		{40036F06-3EF8-47E3-9531-61FC48CBE0C7}.Debug|Any CPU.ActiveCfg = Debug|Any CPU
		{40036F06-3EF8-47E3-9531-61FC48CBE0C7}.Debug|Any CPU.Build.0 = Debug|Any CPU
		{40036F06-3EF8-47E3-9531-61FC48CBE0C7}.Debug|ARM64.ActiveCfg = Debug|Any CPU
		{40036F06-3EF8-47E3-9531-61FC48CBE0C7}.Debug|ARM64.Build.0 = Debug|Any CPU
		{40036F06-3EF8-47E3-9531-61FC48CBE0C7}.Debug|Mixed Platforms.ActiveCfg = Debug|Any CPU
		{40036F06-3EF8-47E3-9531-61FC48CBE0C7}.Debug|Mixed Platforms.Build.0 = Debug|Any CPU
		{40036F06-3EF8-47E3-9531-61FC48CBE0C7}.Debug|Net35.ActiveCfg = Debug|Any CPU
		{40036F06-3EF8-47E3-9531-61FC48CBE0C7}.Debug|Net35.Build.0 = Debug|Any CPU
		{40036F06-3EF8-47E3-9531-61FC48CBE0C7}.Debug|Net40.ActiveCfg = Debug|Any CPU
		{40036F06-3EF8-47E3-9531-61FC48CBE0C7}.Debug|Net40.Build.0 = Debug|Any CPU
		{40036F06-3EF8-47E3-9531-61FC48CBE0C7}.Debug|WithNRefactory.ActiveCfg = Debug|Any CPU
		{40036F06-3EF8-47E3-9531-61FC48CBE0C7}.Debug|WithNRefactory.Build.0 = Debug|Any CPU
		{40036F06-3EF8-47E3-9531-61FC48CBE0C7}.Debug|x64.ActiveCfg = Debug|Any CPU
		{40036F06-3EF8-47E3-9531-61FC48CBE0C7}.Debug|x64.Build.0 = Debug|Any CPU
		{40036F06-3EF8-47E3-9531-61FC48CBE0C7}.Debug|x86.ActiveCfg = Debug|Any CPU
		{40036F06-3EF8-47E3-9531-61FC48CBE0C7}.Debug|x86.Build.0 = Debug|Any CPU
		{40036F06-3EF8-47E3-9531-61FC48CBE0C7}.Release|Any CPU.ActiveCfg = Release|Any CPU
		{40036F06-3EF8-47E3-9531-61FC48CBE0C7}.Release|Any CPU.Build.0 = Release|Any CPU
		{40036F06-3EF8-47E3-9531-61FC48CBE0C7}.Release|ARM64.ActiveCfg = Release|Any CPU
		{40036F06-3EF8-47E3-9531-61FC48CBE0C7}.Release|ARM64.Build.0 = Release|Any CPU
		{40036F06-3EF8-47E3-9531-61FC48CBE0C7}.Release|Mixed Platforms.ActiveCfg = Release|Any CPU
		{40036F06-3EF8-47E3-9531-61FC48CBE0C7}.Release|Mixed Platforms.Build.0 = Release|Any CPU
		{40036F06-3EF8-47E3-9531-61FC48CBE0C7}.Release|Net35.ActiveCfg = Release|Any CPU
		{40036F06-3EF8-47E3-9531-61FC48CBE0C7}.Release|Net35.Build.0 = Release|Any CPU
		{40036F06-3EF8-47E3-9531-61FC48CBE0C7}.Release|Net40.ActiveCfg = Release|Any CPU
		{40036F06-3EF8-47E3-9531-61FC48CBE0C7}.Release|Net40.Build.0 = Release|Any CPU
		{40036F06-3EF8-47E3-9531-61FC48CBE0C7}.Release|WithNRefactory.ActiveCfg = Release|Any CPU
		{40036F06-3EF8-47E3-9531-61FC48CBE0C7}.Release|WithNRefactory.Build.0 = Release|Any CPU
		{40036F06-3EF8-47E3-9531-61FC48CBE0C7}.Release|x64.ActiveCfg = Release|Any CPU
		{40036F06-3EF8-47E3-9531-61FC48CBE0C7}.Release|x64.Build.0 = Release|Any CPU
		{40036F06-3EF8-47E3-9531-61FC48CBE0C7}.Release|x86.ActiveCfg = Release|Any CPU
		{40036F06-3EF8-47E3-9531-61FC48CBE0C7}.Release|x86.Build.0 = Release|Any CPU
		{CBE9FEB8-3E68-4C13-AD8F-5FC27320C8F4}.All|Any CPU.ActiveCfg = Release|Any CPU
		{CBE9FEB8-3E68-4C13-AD8F-5FC27320C8F4}.All|Any CPU.Build.0 = Release|Any CPU
		{CBE9FEB8-3E68-4C13-AD8F-5FC27320C8F4}.All|ARM64.ActiveCfg = Release|Any CPU
		{CBE9FEB8-3E68-4C13-AD8F-5FC27320C8F4}.All|ARM64.Build.0 = Release|Any CPU
		{CBE9FEB8-3E68-4C13-AD8F-5FC27320C8F4}.All|Mixed Platforms.ActiveCfg = Release|Any CPU
		{CBE9FEB8-3E68-4C13-AD8F-5FC27320C8F4}.All|Mixed Platforms.Build.0 = Release|Any CPU
		{CBE9FEB8-3E68-4C13-AD8F-5FC27320C8F4}.All|Net35.ActiveCfg = Release|Any CPU
		{CBE9FEB8-3E68-4C13-AD8F-5FC27320C8F4}.All|Net35.Build.0 = Release|Any CPU
		{CBE9FEB8-3E68-4C13-AD8F-5FC27320C8F4}.All|Net40.ActiveCfg = Release|Any CPU
		{CBE9FEB8-3E68-4C13-AD8F-5FC27320C8F4}.All|Net40.Build.0 = Release|Any CPU
		{CBE9FEB8-3E68-4C13-AD8F-5FC27320C8F4}.All|WithNRefactory.ActiveCfg = Release|Any CPU
		{CBE9FEB8-3E68-4C13-AD8F-5FC27320C8F4}.All|WithNRefactory.Build.0 = Release|Any CPU
		{CBE9FEB8-3E68-4C13-AD8F-5FC27320C8F4}.All|x64.ActiveCfg = Release|Any CPU
		{CBE9FEB8-3E68-4C13-AD8F-5FC27320C8F4}.All|x64.Build.0 = Release|Any CPU
		{CBE9FEB8-3E68-4C13-AD8F-5FC27320C8F4}.All|x86.ActiveCfg = Release|Any CPU
		{CBE9FEB8-3E68-4C13-AD8F-5FC27320C8F4}.All|x86.Build.0 = Release|Any CPU
		{CBE9FEB8-3E68-4C13-AD8F-5FC27320C8F4}.Debug|Any CPU.ActiveCfg = Debug|Any CPU
		{CBE9FEB8-3E68-4C13-AD8F-5FC27320C8F4}.Debug|Any CPU.Build.0 = Debug|Any CPU
		{CBE9FEB8-3E68-4C13-AD8F-5FC27320C8F4}.Debug|ARM64.ActiveCfg = Debug|Any CPU
		{CBE9FEB8-3E68-4C13-AD8F-5FC27320C8F4}.Debug|ARM64.Build.0 = Debug|Any CPU
		{CBE9FEB8-3E68-4C13-AD8F-5FC27320C8F4}.Debug|Mixed Platforms.ActiveCfg = Debug|Any CPU
		{CBE9FEB8-3E68-4C13-AD8F-5FC27320C8F4}.Debug|Mixed Platforms.Build.0 = Debug|Any CPU
		{CBE9FEB8-3E68-4C13-AD8F-5FC27320C8F4}.Debug|Net35.ActiveCfg = Debug|Any CPU
		{CBE9FEB8-3E68-4C13-AD8F-5FC27320C8F4}.Debug|Net35.Build.0 = Debug|Any CPU
		{CBE9FEB8-3E68-4C13-AD8F-5FC27320C8F4}.Debug|Net40.ActiveCfg = Debug|Any CPU
		{CBE9FEB8-3E68-4C13-AD8F-5FC27320C8F4}.Debug|Net40.Build.0 = Debug|Any CPU
		{CBE9FEB8-3E68-4C13-AD8F-5FC27320C8F4}.Debug|WithNRefactory.ActiveCfg = Debug|Any CPU
		{CBE9FEB8-3E68-4C13-AD8F-5FC27320C8F4}.Debug|WithNRefactory.Build.0 = Debug|Any CPU
		{CBE9FEB8-3E68-4C13-AD8F-5FC27320C8F4}.Debug|x64.ActiveCfg = Debug|Any CPU
		{CBE9FEB8-3E68-4C13-AD8F-5FC27320C8F4}.Debug|x64.Build.0 = Debug|Any CPU
		{CBE9FEB8-3E68-4C13-AD8F-5FC27320C8F4}.Debug|x86.ActiveCfg = Debug|Any CPU
		{CBE9FEB8-3E68-4C13-AD8F-5FC27320C8F4}.Debug|x86.Build.0 = Debug|Any CPU
		{CBE9FEB8-3E68-4C13-AD8F-5FC27320C8F4}.Release|Any CPU.ActiveCfg = Release|Any CPU
		{CBE9FEB8-3E68-4C13-AD8F-5FC27320C8F4}.Release|Any CPU.Build.0 = Release|Any CPU
		{CBE9FEB8-3E68-4C13-AD8F-5FC27320C8F4}.Release|ARM64.ActiveCfg = Release|Any CPU
		{CBE9FEB8-3E68-4C13-AD8F-5FC27320C8F4}.Release|ARM64.Build.0 = Release|Any CPU
		{CBE9FEB8-3E68-4C13-AD8F-5FC27320C8F4}.Release|Mixed Platforms.ActiveCfg = Release|Any CPU
		{CBE9FEB8-3E68-4C13-AD8F-5FC27320C8F4}.Release|Mixed Platforms.Build.0 = Release|Any CPU
		{CBE9FEB8-3E68-4C13-AD8F-5FC27320C8F4}.Release|Net35.ActiveCfg = Release|Any CPU
		{CBE9FEB8-3E68-4C13-AD8F-5FC27320C8F4}.Release|Net35.Build.0 = Release|Any CPU
		{CBE9FEB8-3E68-4C13-AD8F-5FC27320C8F4}.Release|Net40.ActiveCfg = Release|Any CPU
		{CBE9FEB8-3E68-4C13-AD8F-5FC27320C8F4}.Release|Net40.Build.0 = Release|Any CPU
		{CBE9FEB8-3E68-4C13-AD8F-5FC27320C8F4}.Release|WithNRefactory.ActiveCfg = Release|Any CPU
		{CBE9FEB8-3E68-4C13-AD8F-5FC27320C8F4}.Release|WithNRefactory.Build.0 = Release|Any CPU
		{CBE9FEB8-3E68-4C13-AD8F-5FC27320C8F4}.Release|x64.ActiveCfg = Release|Any CPU
		{CBE9FEB8-3E68-4C13-AD8F-5FC27320C8F4}.Release|x64.Build.0 = Release|Any CPU
		{CBE9FEB8-3E68-4C13-AD8F-5FC27320C8F4}.Release|x86.ActiveCfg = Release|Any CPU
		{CBE9FEB8-3E68-4C13-AD8F-5FC27320C8F4}.Release|x86.Build.0 = Release|Any CPU
		{E82917A9-1CA6-4239-923F-22F2C3353B69}.All|Any CPU.ActiveCfg = Release|Any CPU
		{E82917A9-1CA6-4239-923F-22F2C3353B69}.All|Any CPU.Build.0 = Release|Any CPU
		{E82917A9-1CA6-4239-923F-22F2C3353B69}.All|ARM64.ActiveCfg = Release|Any CPU
		{E82917A9-1CA6-4239-923F-22F2C3353B69}.All|ARM64.Build.0 = Release|Any CPU
		{E82917A9-1CA6-4239-923F-22F2C3353B69}.All|Mixed Platforms.ActiveCfg = Release|Any CPU
		{E82917A9-1CA6-4239-923F-22F2C3353B69}.All|Mixed Platforms.Build.0 = Release|Any CPU
		{E82917A9-1CA6-4239-923F-22F2C3353B69}.All|Net35.ActiveCfg = Release|Any CPU
		{E82917A9-1CA6-4239-923F-22F2C3353B69}.All|Net35.Build.0 = Release|Any CPU
		{E82917A9-1CA6-4239-923F-22F2C3353B69}.All|Net40.ActiveCfg = Release|Any CPU
		{E82917A9-1CA6-4239-923F-22F2C3353B69}.All|Net40.Build.0 = Release|Any CPU
		{E82917A9-1CA6-4239-923F-22F2C3353B69}.All|WithNRefactory.ActiveCfg = Release|Any CPU
		{E82917A9-1CA6-4239-923F-22F2C3353B69}.All|WithNRefactory.Build.0 = Release|Any CPU
		{E82917A9-1CA6-4239-923F-22F2C3353B69}.All|x64.ActiveCfg = Release|Any CPU
		{E82917A9-1CA6-4239-923F-22F2C3353B69}.All|x64.Build.0 = Release|Any CPU
		{E82917A9-1CA6-4239-923F-22F2C3353B69}.All|x86.ActiveCfg = Release|Any CPU
		{E82917A9-1CA6-4239-923F-22F2C3353B69}.All|x86.Build.0 = Release|Any CPU
		{E82917A9-1CA6-4239-923F-22F2C3353B69}.Debug|Any CPU.ActiveCfg = Debug|Any CPU
		{E82917A9-1CA6-4239-923F-22F2C3353B69}.Debug|Any CPU.Build.0 = Debug|Any CPU
		{E82917A9-1CA6-4239-923F-22F2C3353B69}.Debug|ARM64.ActiveCfg = Debug|Any CPU
		{E82917A9-1CA6-4239-923F-22F2C3353B69}.Debug|ARM64.Build.0 = Debug|Any CPU
		{E82917A9-1CA6-4239-923F-22F2C3353B69}.Debug|Mixed Platforms.ActiveCfg = Debug|Any CPU
		{E82917A9-1CA6-4239-923F-22F2C3353B69}.Debug|Mixed Platforms.Build.0 = Debug|Any CPU
		{E82917A9-1CA6-4239-923F-22F2C3353B69}.Debug|Net35.ActiveCfg = Debug|Any CPU
		{E82917A9-1CA6-4239-923F-22F2C3353B69}.Debug|Net35.Build.0 = Debug|Any CPU
		{E82917A9-1CA6-4239-923F-22F2C3353B69}.Debug|Net40.ActiveCfg = Debug|Any CPU
		{E82917A9-1CA6-4239-923F-22F2C3353B69}.Debug|Net40.Build.0 = Debug|Any CPU
		{E82917A9-1CA6-4239-923F-22F2C3353B69}.Debug|WithNRefactory.ActiveCfg = Debug|Any CPU
		{E82917A9-1CA6-4239-923F-22F2C3353B69}.Debug|WithNRefactory.Build.0 = Debug|Any CPU
		{E82917A9-1CA6-4239-923F-22F2C3353B69}.Debug|x64.ActiveCfg = Debug|Any CPU
		{E82917A9-1CA6-4239-923F-22F2C3353B69}.Debug|x64.Build.0 = Debug|Any CPU
		{E82917A9-1CA6-4239-923F-22F2C3353B69}.Debug|x86.ActiveCfg = Debug|Any CPU
		{E82917A9-1CA6-4239-923F-22F2C3353B69}.Debug|x86.Build.0 = Debug|Any CPU
		{E82917A9-1CA6-4239-923F-22F2C3353B69}.Release|Any CPU.ActiveCfg = Release|Any CPU
		{E82917A9-1CA6-4239-923F-22F2C3353B69}.Release|Any CPU.Build.0 = Release|Any CPU
		{E82917A9-1CA6-4239-923F-22F2C3353B69}.Release|ARM64.ActiveCfg = Release|Any CPU
		{E82917A9-1CA6-4239-923F-22F2C3353B69}.Release|ARM64.Build.0 = Release|Any CPU
		{E82917A9-1CA6-4239-923F-22F2C3353B69}.Release|Mixed Platforms.ActiveCfg = Release|Any CPU
		{E82917A9-1CA6-4239-923F-22F2C3353B69}.Release|Mixed Platforms.Build.0 = Release|Any CPU
		{E82917A9-1CA6-4239-923F-22F2C3353B69}.Release|Net35.ActiveCfg = Release|Any CPU
		{E82917A9-1CA6-4239-923F-22F2C3353B69}.Release|Net35.Build.0 = Release|Any CPU
		{E82917A9-1CA6-4239-923F-22F2C3353B69}.Release|Net40.ActiveCfg = Release|Any CPU
		{E82917A9-1CA6-4239-923F-22F2C3353B69}.Release|Net40.Build.0 = Release|Any CPU
		{E82917A9-1CA6-4239-923F-22F2C3353B69}.Release|WithNRefactory.ActiveCfg = Release|Any CPU
		{E82917A9-1CA6-4239-923F-22F2C3353B69}.Release|WithNRefactory.Build.0 = Release|Any CPU
		{E82917A9-1CA6-4239-923F-22F2C3353B69}.Release|x64.ActiveCfg = Release|Any CPU
		{E82917A9-1CA6-4239-923F-22F2C3353B69}.Release|x64.Build.0 = Release|Any CPU
		{E82917A9-1CA6-4239-923F-22F2C3353B69}.Release|x86.ActiveCfg = Release|Any CPU
		{E82917A9-1CA6-4239-923F-22F2C3353B69}.Release|x86.Build.0 = Release|Any CPU
		{BA507B12-8562-40EB-9EBB-A3FC4723F175}.All|Any CPU.ActiveCfg = Release|Any CPU
		{BA507B12-8562-40EB-9EBB-A3FC4723F175}.All|Any CPU.Build.0 = Release|Any CPU
		{BA507B12-8562-40EB-9EBB-A3FC4723F175}.All|ARM64.ActiveCfg = Release|Any CPU
		{BA507B12-8562-40EB-9EBB-A3FC4723F175}.All|ARM64.Build.0 = Release|Any CPU
		{BA507B12-8562-40EB-9EBB-A3FC4723F175}.All|Mixed Platforms.ActiveCfg = Release|Any CPU
		{BA507B12-8562-40EB-9EBB-A3FC4723F175}.All|Mixed Platforms.Build.0 = Release|Any CPU
		{BA507B12-8562-40EB-9EBB-A3FC4723F175}.All|Net35.ActiveCfg = Release|Any CPU
		{BA507B12-8562-40EB-9EBB-A3FC4723F175}.All|Net35.Build.0 = Release|Any CPU
		{BA507B12-8562-40EB-9EBB-A3FC4723F175}.All|Net40.ActiveCfg = Release|Any CPU
		{BA507B12-8562-40EB-9EBB-A3FC4723F175}.All|Net40.Build.0 = Release|Any CPU
		{BA507B12-8562-40EB-9EBB-A3FC4723F175}.All|WithNRefactory.ActiveCfg = Release|Any CPU
		{BA507B12-8562-40EB-9EBB-A3FC4723F175}.All|WithNRefactory.Build.0 = Release|Any CPU
		{BA507B12-8562-40EB-9EBB-A3FC4723F175}.All|x64.ActiveCfg = Release|Any CPU
		{BA507B12-8562-40EB-9EBB-A3FC4723F175}.All|x64.Build.0 = Release|Any CPU
		{BA507B12-8562-40EB-9EBB-A3FC4723F175}.All|x86.ActiveCfg = Release|Any CPU
		{BA507B12-8562-40EB-9EBB-A3FC4723F175}.All|x86.Build.0 = Release|Any CPU
		{BA507B12-8562-40EB-9EBB-A3FC4723F175}.Debug|Any CPU.ActiveCfg = Debug|Any CPU
		{BA507B12-8562-40EB-9EBB-A3FC4723F175}.Debug|Any CPU.Build.0 = Debug|Any CPU
		{BA507B12-8562-40EB-9EBB-A3FC4723F175}.Debug|ARM64.ActiveCfg = Debug|Any CPU
		{BA507B12-8562-40EB-9EBB-A3FC4723F175}.Debug|ARM64.Build.0 = Debug|Any CPU
		{BA507B12-8562-40EB-9EBB-A3FC4723F175}.Debug|Mixed Platforms.ActiveCfg = Debug|Any CPU
		{BA507B12-8562-40EB-9EBB-A3FC4723F175}.Debug|Mixed Platforms.Build.0 = Debug|Any CPU
		{BA507B12-8562-40EB-9EBB-A3FC4723F175}.Debug|Net35.ActiveCfg = Debug|Any CPU
		{BA507B12-8562-40EB-9EBB-A3FC4723F175}.Debug|Net35.Build.0 = Debug|Any CPU
		{BA507B12-8562-40EB-9EBB-A3FC4723F175}.Debug|Net40.ActiveCfg = Debug|Any CPU
		{BA507B12-8562-40EB-9EBB-A3FC4723F175}.Debug|Net40.Build.0 = Debug|Any CPU
		{BA507B12-8562-40EB-9EBB-A3FC4723F175}.Debug|WithNRefactory.ActiveCfg = Debug|Any CPU
		{BA507B12-8562-40EB-9EBB-A3FC4723F175}.Debug|WithNRefactory.Build.0 = Debug|Any CPU
		{BA507B12-8562-40EB-9EBB-A3FC4723F175}.Debug|x64.ActiveCfg = Debug|Any CPU
		{BA507B12-8562-40EB-9EBB-A3FC4723F175}.Debug|x64.Build.0 = Debug|Any CPU
		{BA507B12-8562-40EB-9EBB-A3FC4723F175}.Debug|x86.ActiveCfg = Debug|Any CPU
		{BA507B12-8562-40EB-9EBB-A3FC4723F175}.Debug|x86.Build.0 = Debug|Any CPU
		{BA507B12-8562-40EB-9EBB-A3FC4723F175}.Release|Any CPU.ActiveCfg = Release|Any CPU
		{BA507B12-8562-40EB-9EBB-A3FC4723F175}.Release|Any CPU.Build.0 = Release|Any CPU
		{BA507B12-8562-40EB-9EBB-A3FC4723F175}.Release|ARM64.ActiveCfg = Release|Any CPU
		{BA507B12-8562-40EB-9EBB-A3FC4723F175}.Release|ARM64.Build.0 = Release|Any CPU
		{BA507B12-8562-40EB-9EBB-A3FC4723F175}.Release|Mixed Platforms.ActiveCfg = Release|Any CPU
		{BA507B12-8562-40EB-9EBB-A3FC4723F175}.Release|Mixed Platforms.Build.0 = Release|Any CPU
		{BA507B12-8562-40EB-9EBB-A3FC4723F175}.Release|Net35.ActiveCfg = Release|Any CPU
		{BA507B12-8562-40EB-9EBB-A3FC4723F175}.Release|Net35.Build.0 = Release|Any CPU
		{BA507B12-8562-40EB-9EBB-A3FC4723F175}.Release|Net40.ActiveCfg = Release|Any CPU
		{BA507B12-8562-40EB-9EBB-A3FC4723F175}.Release|Net40.Build.0 = Release|Any CPU
		{BA507B12-8562-40EB-9EBB-A3FC4723F175}.Release|WithNRefactory.ActiveCfg = Release|Any CPU
		{BA507B12-8562-40EB-9EBB-A3FC4723F175}.Release|WithNRefactory.Build.0 = Release|Any CPU
		{BA507B12-8562-40EB-9EBB-A3FC4723F175}.Release|x64.ActiveCfg = Release|Any CPU
		{BA507B12-8562-40EB-9EBB-A3FC4723F175}.Release|x64.Build.0 = Release|Any CPU
		{BA507B12-8562-40EB-9EBB-A3FC4723F175}.Release|x86.ActiveCfg = Release|Any CPU
		{BA507B12-8562-40EB-9EBB-A3FC4723F175}.Release|x86.Build.0 = Release|Any CPU
		{48CB7E62-F8D7-42E4-A236-31AFC024CF0F}.All|Any CPU.ActiveCfg = DefaultBuild
		{48CB7E62-F8D7-42E4-A236-31AFC024CF0F}.All|Any CPU.Build.0 = DefaultBuild
		{48CB7E62-F8D7-42E4-A236-31AFC024CF0F}.All|ARM64.ActiveCfg = DefaultBuild
		{48CB7E62-F8D7-42E4-A236-31AFC024CF0F}.All|ARM64.Build.0 = DefaultBuild
		{48CB7E62-F8D7-42E4-A236-31AFC024CF0F}.All|Mixed Platforms.ActiveCfg = DefaultBuild
		{48CB7E62-F8D7-42E4-A236-31AFC024CF0F}.All|Mixed Platforms.Build.0 = DefaultBuild
		{48CB7E62-F8D7-42E4-A236-31AFC024CF0F}.All|Net35.ActiveCfg = DefaultBuild
		{48CB7E62-F8D7-42E4-A236-31AFC024CF0F}.All|Net35.Build.0 = DefaultBuild
		{48CB7E62-F8D7-42E4-A236-31AFC024CF0F}.All|Net40.ActiveCfg = DefaultBuild
		{48CB7E62-F8D7-42E4-A236-31AFC024CF0F}.All|Net40.Build.0 = DefaultBuild
		{48CB7E62-F8D7-42E4-A236-31AFC024CF0F}.All|WithNRefactory.ActiveCfg = DefaultBuild
		{48CB7E62-F8D7-42E4-A236-31AFC024CF0F}.All|WithNRefactory.Build.0 = DefaultBuild
		{48CB7E62-F8D7-42E4-A236-31AFC024CF0F}.All|x64.ActiveCfg = DefaultBuild
		{48CB7E62-F8D7-42E4-A236-31AFC024CF0F}.All|x64.Build.0 = DefaultBuild
		{48CB7E62-F8D7-42E4-A236-31AFC024CF0F}.All|x86.ActiveCfg = DefaultBuild
		{48CB7E62-F8D7-42E4-A236-31AFC024CF0F}.All|x86.Build.0 = DefaultBuild
		{48CB7E62-F8D7-42E4-A236-31AFC024CF0F}.Debug|Any CPU.ActiveCfg = DefaultBuild
		{48CB7E62-F8D7-42E4-A236-31AFC024CF0F}.Debug|Any CPU.Build.0 = DefaultBuild
		{48CB7E62-F8D7-42E4-A236-31AFC024CF0F}.Debug|ARM64.ActiveCfg = DefaultBuild
		{48CB7E62-F8D7-42E4-A236-31AFC024CF0F}.Debug|ARM64.Build.0 = DefaultBuild
		{48CB7E62-F8D7-42E4-A236-31AFC024CF0F}.Debug|Mixed Platforms.ActiveCfg = DefaultBuild
		{48CB7E62-F8D7-42E4-A236-31AFC024CF0F}.Debug|Mixed Platforms.Build.0 = DefaultBuild
		{48CB7E62-F8D7-42E4-A236-31AFC024CF0F}.Debug|Net35.ActiveCfg = DefaultBuild
		{48CB7E62-F8D7-42E4-A236-31AFC024CF0F}.Debug|Net35.Build.0 = DefaultBuild
		{48CB7E62-F8D7-42E4-A236-31AFC024CF0F}.Debug|Net40.ActiveCfg = DefaultBuild
		{48CB7E62-F8D7-42E4-A236-31AFC024CF0F}.Debug|Net40.Build.0 = DefaultBuild
		{48CB7E62-F8D7-42E4-A236-31AFC024CF0F}.Debug|WithNRefactory.ActiveCfg = DefaultBuild
		{48CB7E62-F8D7-42E4-A236-31AFC024CF0F}.Debug|WithNRefactory.Build.0 = DefaultBuild
		{48CB7E62-F8D7-42E4-A236-31AFC024CF0F}.Debug|x64.ActiveCfg = DefaultBuild
		{48CB7E62-F8D7-42E4-A236-31AFC024CF0F}.Debug|x64.Build.0 = DefaultBuild
		{48CB7E62-F8D7-42E4-A236-31AFC024CF0F}.Debug|x86.ActiveCfg = DefaultBuild
		{48CB7E62-F8D7-42E4-A236-31AFC024CF0F}.Debug|x86.Build.0 = DefaultBuild
		{48CB7E62-F8D7-42E4-A236-31AFC024CF0F}.Release|Any CPU.ActiveCfg = DefaultBuild
		{48CB7E62-F8D7-42E4-A236-31AFC024CF0F}.Release|Any CPU.Build.0 = DefaultBuild
		{48CB7E62-F8D7-42E4-A236-31AFC024CF0F}.Release|ARM64.ActiveCfg = DefaultBuild
		{48CB7E62-F8D7-42E4-A236-31AFC024CF0F}.Release|ARM64.Build.0 = DefaultBuild
		{48CB7E62-F8D7-42E4-A236-31AFC024CF0F}.Release|Mixed Platforms.ActiveCfg = DefaultBuild
		{48CB7E62-F8D7-42E4-A236-31AFC024CF0F}.Release|Mixed Platforms.Build.0 = DefaultBuild
		{48CB7E62-F8D7-42E4-A236-31AFC024CF0F}.Release|Net35.ActiveCfg = DefaultBuild
		{48CB7E62-F8D7-42E4-A236-31AFC024CF0F}.Release|Net35.Build.0 = DefaultBuild
		{48CB7E62-F8D7-42E4-A236-31AFC024CF0F}.Release|Net40.ActiveCfg = DefaultBuild
		{48CB7E62-F8D7-42E4-A236-31AFC024CF0F}.Release|Net40.Build.0 = DefaultBuild
		{48CB7E62-F8D7-42E4-A236-31AFC024CF0F}.Release|WithNRefactory.ActiveCfg = DefaultBuild
		{48CB7E62-F8D7-42E4-A236-31AFC024CF0F}.Release|WithNRefactory.Build.0 = DefaultBuild
		{48CB7E62-F8D7-42E4-A236-31AFC024CF0F}.Release|x64.ActiveCfg = DefaultBuild
		{48CB7E62-F8D7-42E4-A236-31AFC024CF0F}.Release|x64.Build.0 = DefaultBuild
		{48CB7E62-F8D7-42E4-A236-31AFC024CF0F}.Release|x86.ActiveCfg = DefaultBuild
		{48CB7E62-F8D7-42E4-A236-31AFC024CF0F}.Release|x86.Build.0 = DefaultBuild
	EndGlobalSection
	GlobalSection(SolutionProperties) = preSolution
		HideSolutionNode = FALSE
	EndGlobalSection
	GlobalSection(NestedProjects) = preSolution
		{8D7D2DBE-B27A-41D7-8B8F-41FEE61FE4EC} = {6D20DA60-9F9C-4196-B05A-22F5E504A887}
		{0513B569-F9CE-42CC-BDAD-FEE74E96AF5D} = {6D20DA60-9F9C-4196-B05A-22F5E504A887}
	EndGlobalSection
	GlobalSection(ExtensibilityGlobals) = postSolution
		SolutionGuid = {A6A2EE61-CE0E-41D3-86B0-E4BCB9D87D0F}
	EndGlobalSection
	GlobalSection(Performance) = preSolution
		HasPerformanceSessions = true
	EndGlobalSection
EndGlobal
